PODS:
  - VPLoginLogoutManagement (0.1.0)

DEPENDENCIES:
  - VPLoginLogoutManagement (from `../`)

EXTERNAL SOURCES:
  VPLoginLogoutManagement:
    :path: ../

SPEC CHECKSUMS:
  VPLoginLogoutManagement: 195ffa8686940676de8ccaf986fc3f23ab0ef954

PODFILE CHECKSUM: b760f519313aa7d18f613a138bce0c5511bcdcbc

COCOAPODS: 1.2.1
